
Microsoft Visual Studio Solution File, Format Version 12.00
# Visual Studio Version 17
VisualStudioVersion = 17.12.35707.178
MinimumVisualStudioVersion = 10.0.40219.1
Project("{2150E333-8FDC-42A3-9474-1A3956D46DE8}") = "Domain", "Domain", "{4D28E0EB-35A7-4075-B2AF-89E0B2FFBE07}"
EndProject
Project("{2150E333-8FDC-42A3-9474-1A3956D46DE8}") = "Application", "Application", "{3B98F0DE-2366-44F0-9448-FE12AF93A849}"
EndProject
Project("{2150E333-8FDC-42A3-9474-1A3956D46DE8}") = "Infrastructure", "Infrastructure", "{356CC4FE-8B59-413D-86B6-9DA7F76E0258}"
EndProject
Project("{2150E333-8FDC-42A3-9474-1A3956D46DE8}") = "Presentation", "Presentation", "{6B6759D1-90C1-428C-8788-B41E84875131}"
EndProject
Project("{FAE04EC0-301F-11D3-BF4B-00C04F79EFBC}") = "Harmony.Domain", "Harmony.Domain\Harmony.Domain.csproj", "{00EA8559-041B-4E08-8542-9B6280D8D555}"
EndProject
Project("{FAE04EC0-301F-11D3-BF4B-00C04F79EFBC}") = "Harmony.Application", "Harmony.Application\Harmony.Application.csproj", "{A461CF0F-FB2C-41CD-A9CD-06B47501E958}"
EndProject
Project("{FAE04EC0-301F-11D3-BF4B-00C04F79EFBC}") = "Harmony.Infrastructure", "Harmony.Infrastructure\Harmony.Infrastructure.csproj", "{2E0CAE93-6409-4B15-854C-3F856C8CB6C4}"
	ProjectSection(ProjectDependencies) = postProject
		{A461CF0F-FB2C-41CD-A9CD-06B47501E958} = {A461CF0F-FB2C-41CD-A9CD-06B47501E958}
	EndProjectSection
EndProject
Project("{2150E333-8FDC-42A3-9474-1A3956D46DE8}") = "API", "API", "{8BB817B3-23DA-41E1-94C5-47CB44B1CF50}"
EndProject
Project("{2150E333-8FDC-42A3-9474-1A3956D46DE8}") = "UI", "UI", "{BE79F4AD-2F2A-43B4-8877-F8061F2F680F}"
EndProject
Project("{FAE04EC0-301F-11D3-BF4B-00C04F79EFBC}") = "Harmony.API", "Harmony.API\Harmony.API.csproj", "{8ED0FD0B-0FF6-4232-8670-D9838DFB73E5}"
	ProjectSection(ProjectDependencies) = postProject
		{2E0CAE93-6409-4B15-854C-3F856C8CB6C4} = {2E0CAE93-6409-4B15-854C-3F856C8CB6C4}
		{A461CF0F-FB2C-41CD-A9CD-06B47501E958} = {A461CF0F-FB2C-41CD-A9CD-06B47501E958}
	EndProjectSection
EndProject
Project("{FAE04EC0-301F-11D3-BF4B-00C04F79EFBC}") = "Harmony.UI", "Harmony.UI\Harmony.UI.csproj", "{E21BC50F-38B2-4870-B787-6EE42B17050B}"
EndProject
Global
	GlobalSection(SolutionConfigurationPlatforms) = preSolution
		Debug|Any CPU = Debug|Any CPU
		Release|Any CPU = Release|Any CPU
	EndGlobalSection
	GlobalSection(ProjectConfigurationPlatforms) = postSolution
		{00EA8559-041B-4E08-8542-9B6280D8D555}.Debug|Any CPU.ActiveCfg = Debug|Any CPU
		{00EA8559-041B-4E08-8542-9B6280D8D555}.Debug|Any CPU.Build.0 = Debug|Any CPU
		{00EA8559-041B-4E08-8542-9B6280D8D555}.Release|Any CPU.ActiveCfg = Release|Any CPU
		{00EA8559-041B-4E08-8542-9B6280D8D555}.Release|Any CPU.Build.0 = Release|Any CPU
		{A461CF0F-FB2C-41CD-A9CD-06B47501E958}.Debug|Any CPU.ActiveCfg = Debug|Any CPU
		{A461CF0F-FB2C-41CD-A9CD-06B47501E958}.Debug|Any CPU.Build.0 = Debug|Any CPU
		{A461CF0F-FB2C-41CD-A9CD-06B47501E958}.Release|Any CPU.ActiveCfg = Release|Any CPU
		{A461CF0F-FB2C-41CD-A9CD-06B47501E958}.Release|Any CPU.Build.0 = Release|Any CPU
		{2E0CAE93-6409-4B15-854C-3F856C8CB6C4}.Debug|Any CPU.ActiveCfg = Debug|Any CPU
		{2E0CAE93-6409-4B15-854C-3F856C8CB6C4}.Debug|Any CPU.Build.0 = Debug|Any CPU
		{2E0CAE93-6409-4B15-854C-3F856C8CB6C4}.Release|Any CPU.ActiveCfg = Release|Any CPU
		{2E0CAE93-6409-4B15-854C-3F856C8CB6C4}.Release|Any CPU.Build.0 = Release|Any CPU
		{8ED0FD0B-0FF6-4232-8670-D9838DFB73E5}.Debug|Any CPU.ActiveCfg = Debug|Any CPU
		{8ED0FD0B-0FF6-4232-8670-D9838DFB73E5}.Debug|Any CPU.Build.0 = Debug|Any CPU
		{8ED0FD0B-0FF6-4232-8670-D9838DFB73E5}.Release|Any CPU.ActiveCfg = Release|Any CPU
		{8ED0FD0B-0FF6-4232-8670-D9838DFB73E5}.Release|Any CPU.Build.0 = Release|Any CPU
		{E21BC50F-38B2-4870-B787-6EE42B17050B}.Debug|Any CPU.ActiveCfg = Debug|Any CPU
		{E21BC50F-38B2-4870-B787-6EE42B17050B}.Debug|Any CPU.Build.0 = Debug|Any CPU
		{E21BC50F-38B2-4870-B787-6EE42B17050B}.Release|Any CPU.ActiveCfg = Release|Any CPU
		{E21BC50F-38B2-4870-B787-6EE42B17050B}.Release|Any CPU.Build.0 = Release|Any CPU
	EndGlobalSection
	GlobalSection(SolutionProperties) = preSolution
		HideSolutionNode = FALSE
	EndGlobalSection
	GlobalSection(NestedProjects) = preSolution
		{00EA8559-041B-4E08-8542-9B6280D8D555} = {4D28E0EB-35A7-4075-B2AF-89E0B2FFBE07}
		{A461CF0F-FB2C-41CD-A9CD-06B47501E958} = {3B98F0DE-2366-44F0-9448-FE12AF93A849}
		{2E0CAE93-6409-4B15-854C-3F856C8CB6C4} = {356CC4FE-8B59-413D-86B6-9DA7F76E0258}
		{8BB817B3-23DA-41E1-94C5-47CB44B1CF50} = {6B6759D1-90C1-428C-8788-B41E84875131}
		{BE79F4AD-2F2A-43B4-8877-F8061F2F680F} = {6B6759D1-90C1-428C-8788-B41E84875131}
		{8ED0FD0B-0FF6-4232-8670-D9838DFB73E5} = {8BB817B3-23DA-41E1-94C5-47CB44B1CF50}
		{E21BC50F-38B2-4870-B787-6EE42B17050B} = {BE79F4AD-2F2A-43B4-8877-F8061F2F680F}
	EndGlobalSection
EndGlobal
